
Microsoft Visual Studio Solution File, Format Version 12.00
# Visual Studio 14
VisualStudioVersion = 14.0.25420.1
MinimumVisualStudioVersion = 10.0.40219.1
Project("{FAE04EC0-301F-11D3-BF4B-00C04F79EFBC}") = "DashboardTTS", "DashboardTTS\DashboardTTS.csproj", "{D5487A4D-D5F8-4071-A5E5-08B58F15608E}"
EndProject
Project("{FAE04EC0-301F-11D3-BF4B-00C04F79EFBC}") = "Common", "Common\Common\Common.csproj", "{11B39656-6562-41F7-A926-4D2202CD64EA}"
EndProject
Project("{FAE04EC0-301F-11D3-BF4B-00C04F79EFBC}") = "DBHelp", "DB\DB\DBHelp.csproj", "{C6AC93B9-FAA8-4488-B2E7-56F278D67A24}"
EndProject
Project("{FAE04EC0-301F-11D3-BF4B-00C04F79EFBC}") = "StaticRes", "StaticRes\StaticRes.csproj", "{0AF99380-D78F-45DA-9451-6957BC590183}"
EndProject
Project("{FAE04EC0-301F-11D3-BF4B-00C04F79EFBC}") = "MyChart", "MyChart\MyChart.csproj", "{C3722565-1D97-4472-AE3C-A4D255A5788D}"
EndProject
Project("{FAE04EC0-301F-11D3-BF4B-00C04F79EFBC}") = "Taiyo.Tool", "StatusConverter\Taiyo.Tool.csproj", "{9EE7AB40-6B50-47A4-9F3A-3B3F3520CADB}"
EndProject
Project("{FAE04EC0-301F-11D3-BF4B-00C04F79EFBC}") = "Taiyo.Enum", "Taiyo.Enum\Taiyo.Enum.csproj", "{7EEF5249-5D72-4470-A952-94983FAD5433}"
EndProject
Project("{2150E333-8FDC-42A3-9474-1A3956D46DE8}") = "Model Layer", "Model Layer", "{53FFD7BF-B356-4218-9EC2-5C65D3087836}"
EndProject
Project("{FAE04EC0-301F-11D3-BF4B-00C04F79EFBC}") = "Taiyo.SearchParam", "Taiyo.SearchParam\Taiyo.SearchParam.csproj", "{D650FEA2-5AD3-4599-81D0-97C084053B7B}"
EndProject
Project("{FAE04EC0-301F-11D3-BF4B-00C04F79EFBC}") = "Taiyo.JobSchedule", "Taiyo.JobSchedule\Taiyo.JobSchedule.csproj", "{93DEB090-D3C7-46B3-A006-FD8BB46316F2}"
EndProject
Project("{2150E333-8FDC-42A3-9474-1A3956D46DE8}") = "APP", "APP", "{9CCC2C3B-585B-43B2-A2CD-A331CEBE5DA6}"
EndProject
Project("{FAE04EC0-301F-11D3-BF4B-00C04F79EFBC}") = "Taiyo.App.JobExecution", "Taiyo.App.JobExecution\Taiyo.App.JobExecution.csproj", "{76DF3807-2C93-4801-9397-2C99159300A0}"
EndProject
Project("{FAE04EC0-301F-11D3-BF4B-00C04F79EFBC}") = "Taiyo.RedisCache", "Taiyo.RedisCache\Taiyo.RedisCache.csproj", "{BF2F7FC5-938F-412A-8631-3CA1AD46593D}"
EndProject
Project("{FAE04EC0-301F-11D3-BF4B-00C04F79EFBC}") = "TestRedisCache", "TestRedisCache\TestRedisCache.csproj", "{DD3104B8-9A68-487E-A481-0597E39B9F1E}"
EndProject
Global
	GlobalSection(SolutionConfigurationPlatforms) = preSolution
		Debug|Any CPU = Debug|Any CPU
		Release|Any CPU = Release|Any CPU
	EndGlobalSection
	GlobalSection(ProjectConfigurationPlatforms) = postSolution
		{D5487A4D-D5F8-4071-A5E5-08B58F15608E}.Debug|Any CPU.ActiveCfg = Debug|Any CPU
		{D5487A4D-D5F8-4071-A5E5-08B58F15608E}.Debug|Any CPU.Build.0 = Debug|Any CPU
		{D5487A4D-D5F8-4071-A5E5-08B58F15608E}.Release|Any CPU.ActiveCfg = Release|Any CPU
		{D5487A4D-D5F8-4071-A5E5-08B58F15608E}.Release|Any CPU.Build.0 = Release|Any CPU
		{11B39656-6562-41F7-A926-4D2202CD64EA}.Debug|Any CPU.ActiveCfg = Debug|Any CPU
		{11B39656-6562-41F7-A926-4D2202CD64EA}.Debug|Any CPU.Build.0 = Debug|Any CPU
		{11B39656-6562-41F7-A926-4D2202CD64EA}.Release|Any CPU.ActiveCfg = Release|Any CPU
		{11B39656-6562-41F7-A926-4D2202CD64EA}.Release|Any CPU.Build.0 = Release|Any CPU
		{C6AC93B9-FAA8-4488-B2E7-56F278D67A24}.Debug|Any CPU.ActiveCfg = Debug|Any CPU
		{C6AC93B9-FAA8-4488-B2E7-56F278D67A24}.Debug|Any CPU.Build.0 = Debug|Any CPU
		{C6AC93B9-FAA8-4488-B2E7-56F278D67A24}.Release|Any CPU.ActiveCfg = Release|Any CPU
		{C6AC93B9-FAA8-4488-B2E7-56F278D67A24}.Release|Any CPU.Build.0 = Release|Any CPU
		{0AF99380-D78F-45DA-9451-6957BC590183}.Debug|Any CPU.ActiveCfg = Debug|Any CPU
		{0AF99380-D78F-45DA-9451-6957BC590183}.Debug|Any CPU.Build.0 = Debug|Any CPU
		{0AF99380-D78F-45DA-9451-6957BC590183}.Release|Any CPU.ActiveCfg = Release|Any CPU
		{0AF99380-D78F-45DA-9451-6957BC590183}.Release|Any CPU.Build.0 = Release|Any CPU
		{C3722565-1D97-4472-AE3C-A4D255A5788D}.Debug|Any CPU.ActiveCfg = Debug|Any CPU
		{C3722565-1D97-4472-AE3C-A4D255A5788D}.Debug|Any CPU.Build.0 = Debug|Any CPU
		{C3722565-1D97-4472-AE3C-A4D255A5788D}.Release|Any CPU.ActiveCfg = Release|Any CPU
		{C3722565-1D97-4472-AE3C-A4D255A5788D}.Release|Any CPU.Build.0 = Release|Any CPU
		{9EE7AB40-6B50-47A4-9F3A-3B3F3520CADB}.Debug|Any CPU.ActiveCfg = Debug|Any CPU
		{9EE7AB40-6B50-47A4-9F3A-3B3F3520CADB}.Debug|Any CPU.Build.0 = Debug|Any CPU
		{9EE7AB40-6B50-47A4-9F3A-3B3F3520CADB}.Release|Any CPU.ActiveCfg = Release|Any CPU
		{9EE7AB40-6B50-47A4-9F3A-3B3F3520CADB}.Release|Any CPU.Build.0 = Release|Any CPU
		{7EEF5249-5D72-4470-A952-94983FAD5433}.Debug|Any CPU.ActiveCfg = Debug|Any CPU
		{7EEF5249-5D72-4470-A952-94983FAD5433}.Debug|Any CPU.Build.0 = Debug|Any CPU
		{7EEF5249-5D72-4470-A952-94983FAD5433}.Release|Any CPU.ActiveCfg = Release|Any CPU
		{7EEF5249-5D72-4470-A952-94983FAD5433}.Release|Any CPU.Build.0 = Release|Any CPU
		{D650FEA2-5AD3-4599-81D0-97C084053B7B}.Debug|Any CPU.ActiveCfg = Debug|Any CPU
		{D650FEA2-5AD3-4599-81D0-97C084053B7B}.Debug|Any CPU.Build.0 = Debug|Any CPU
		{D650FEA2-5AD3-4599-81D0-97C084053B7B}.Release|Any CPU.ActiveCfg = Release|Any CPU
		{D650FEA2-5AD3-4599-81D0-97C084053B7B}.Release|Any CPU.Build.0 = Release|Any CPU
		{93DEB090-D3C7-46B3-A006-FD8BB46316F2}.Debug|Any CPU.ActiveCfg = Debug|Any CPU
		{93DEB090-D3C7-46B3-A006-FD8BB46316F2}.Debug|Any CPU.Build.0 = Debug|Any CPU
		{93DEB090-D3C7-46B3-A006-FD8BB46316F2}.Release|Any CPU.ActiveCfg = Release|Any CPU
		{93DEB090-D3C7-46B3-A006-FD8BB46316F2}.Release|Any CPU.Build.0 = Release|Any CPU
		{76DF3807-2C93-4801-9397-2C99159300A0}.Debug|Any CPU.ActiveCfg = Debug|Any CPU
		{76DF3807-2C93-4801-9397-2C99159300A0}.Debug|Any CPU.Build.0 = Debug|Any CPU
		{76DF3807-2C93-4801-9397-2C99159300A0}.Release|Any CPU.ActiveCfg = Release|Any CPU
		{76DF3807-2C93-4801-9397-2C99159300A0}.Release|Any CPU.Build.0 = Release|Any CPU
		{BF2F7FC5-938F-412A-8631-3CA1AD46593D}.Debug|Any CPU.ActiveCfg = Debug|Any CPU
		{BF2F7FC5-938F-412A-8631-3CA1AD46593D}.Debug|Any CPU.Build.0 = Debug|Any CPU
		{BF2F7FC5-938F-412A-8631-3CA1AD46593D}.Release|Any CPU.ActiveCfg = Release|Any CPU
		{BF2F7FC5-938F-412A-8631-3CA1AD46593D}.Release|Any CPU.Build.0 = Release|Any CPU
		{DD3104B8-9A68-487E-A481-0597E39B9F1E}.Debug|Any CPU.ActiveCfg = Debug|Any CPU
		{DD3104B8-9A68-487E-A481-0597E39B9F1E}.Debug|Any CPU.Build.0 = Debug|Any CPU
		{DD3104B8-9A68-487E-A481-0597E39B9F1E}.Release|Any CPU.ActiveCfg = Release|Any CPU
		{DD3104B8-9A68-487E-A481-0597E39B9F1E}.Release|Any CPU.Build.0 = Release|Any CPU
	EndGlobalSection
	GlobalSection(SolutionProperties) = preSolution
		HideSolutionNode = FALSE
	EndGlobalSection
	GlobalSection(NestedProjects) = preSolution
		{7EEF5249-5D72-4470-A952-94983FAD5433} = {53FFD7BF-B356-4218-9EC2-5C65D3087836}
		{D650FEA2-5AD3-4599-81D0-97C084053B7B} = {53FFD7BF-B356-4218-9EC2-5C65D3087836}
		{76DF3807-2C93-4801-9397-2C99159300A0} = {9CCC2C3B-585B-43B2-A2CD-A331CEBE5DA6}
		{DD3104B8-9A68-487E-A481-0597E39B9F1E} = {9CCC2C3B-585B-43B2-A2CD-A331CEBE5DA6}
	EndGlobalSection
EndGlobal
