
Microsoft Visual Studio Solution File, Format Version 12.00
# Visual Studio 14
VisualStudioVersion = 14.0.25420.1
MinimumVisualStudioVersion = 10.0.40219.1
Project("{FAE04EC0-301F-11D3-BF4B-00C04F79EFBC}") = "DashboardTTS", "DashboardTTS\DashboardTTS.csproj", "{D5487A4D-D5F8-4071-A5E5-08B58F15608E}"
EndProject
Project("{FAE04EC0-301F-11D3-BF4B-00C04F79EFBC}") = "Common", "Common\Common\Common.csproj", "{11B39656-6562-41F7-A926-4D2202CD64EA}"
EndProject
Project("{FAE04EC0-301F-11D3-BF4B-00C04F79EFBC}") = "DBHelp", "DB\DB\DBHelp.csproj", "{C6AC93B9-FAA8-4488-B2E7-56F278D67A24}"
EndProject
Project("{FAE04EC0-301F-11D3-BF4B-00C04F79EFBC}") = "StaticRes", "StaticRes\StaticRes.csproj", "{0AF99380-D78F-45DA-9451-6957BC590183}"
EndProject
Project("{FAE04EC0-301F-11D3-BF4B-00C04F79EFBC}") = "MyChart", "MyChart\MyChart.csproj", "{C3722565-1D97-4472-AE3C-A4D255A5788D}"
EndProject
Global
	GlobalSection(SolutionConfigurationPlatforms) = preSolution
		Debug|Any CPU = Debug|Any CPU
		Release|Any CPU = Release|Any CPU
	EndGlobalSection
	GlobalSection(ProjectConfigurationPlatforms) = postSolution
		{D5487A4D-D5F8-4071-A5E5-08B58F15608E}.Debug|Any CPU.ActiveCfg = Debug|Any CPU
		{D5487A4D-D5F8-4071-A5E5-08B58F15608E}.Debug|Any CPU.Build.0 = Debug|Any CPU
		{D5487A4D-D5F8-4071-A5E5-08B58F15608E}.Release|Any CPU.ActiveCfg = Release|Any CPU
		{D5487A4D-D5F8-4071-A5E5-08B58F15608E}.Release|Any CPU.Build.0 = Release|Any CPU
		{11B39656-6562-41F7-A926-4D2202CD64EA}.Debug|Any CPU.ActiveCfg = Debug|Any CPU
		{11B39656-6562-41F7-A926-4D2202CD64EA}.Debug|Any CPU.Build.0 = Debug|Any CPU
		{11B39656-6562-41F7-A926-4D2202CD64EA}.Release|Any CPU.ActiveCfg = Release|Any CPU
		{11B39656-6562-41F7-A926-4D2202CD64EA}.Release|Any CPU.Build.0 = Release|Any CPU
		{C6AC93B9-FAA8-4488-B2E7-56F278D67A24}.Debug|Any CPU.ActiveCfg = Debug|Any CPU
		{C6AC93B9-FAA8-4488-B2E7-56F278D67A24}.Debug|Any CPU.Build.0 = Debug|Any CPU
		{C6AC93B9-FAA8-4488-B2E7-56F278D67A24}.Release|Any CPU.ActiveCfg = Release|Any CPU
		{C6AC93B9-FAA8-4488-B2E7-56F278D67A24}.Release|Any CPU.Build.0 = Release|Any CPU
		{0AF99380-D78F-45DA-9451-6957BC590183}.Debug|Any CPU.ActiveCfg = Debug|Any CPU
		{0AF99380-D78F-45DA-9451-6957BC590183}.Debug|Any CPU.Build.0 = Debug|Any CPU
		{0AF99380-D78F-45DA-9451-6957BC590183}.Release|Any CPU.ActiveCfg = Release|Any CPU
		{0AF99380-D78F-45DA-9451-6957BC590183}.Release|Any CPU.Build.0 = Release|Any CPU
		{C3722565-1D97-4472-AE3C-A4D255A5788D}.Debug|Any CPU.ActiveCfg = Debug|Any CPU
		{C3722565-1D97-4472-AE3C-A4D255A5788D}.Debug|Any CPU.Build.0 = Debug|Any CPU
		{C3722565-1D97-4472-AE3C-A4D255A5788D}.Release|Any CPU.ActiveCfg = Release|Any CPU
		{C3722565-1D97-4472-AE3C-A4D255A5788D}.Release|Any CPU.Build.0 = Release|Any CPU
	EndGlobalSection
	GlobalSection(SolutionProperties) = preSolution
		HideSolutionNode = FALSE
	EndGlobalSection
EndGlobal
